
Microsoft Visual Studio Solution File, Format Version 12.00
# Visual Studio Version 17
VisualStudioVersion = 17.11.35312.102
MinimumVisualStudioVersion = 10.0.40219.1
Project("{FAE04EC0-301F-11D3-BF4B-00C04F79EFBC}") = "MicroProducer", "MicroProducer\MicroProducer.csproj", "{6B4F976C-24EE-4CBE-BED5-EE4F51580BAE}"
EndProject
Project("{FAE04EC0-301F-11D3-BF4B-00C04F79EFBC}") = "MicroCosnumer", "MicroCosumer\MicroCosnumer.csproj", "{10020053-7724-4764-93D2-A95DF2DB2388}"
EndProject
Project("{FAE04EC0-301F-11D3-BF4B-00C04F79EFBC}") = "DomainData", "DomainData\DomainData.csproj", "{D63EC546-8E06-411C-B518-92FC7976A68E}"
EndProject
Global
	GlobalSection(SolutionConfigurationPlatforms) = preSolution
		Debug|Any CPU = Debug|Any CPU
		Release|Any CPU = Release|Any CPU
	EndGlobalSection
	GlobalSection(ProjectConfigurationPlatforms) = postSolution
		{6B4F976C-24EE-4CBE-BED5-EE4F51580BAE}.Debug|Any CPU.ActiveCfg = Debug|Any CPU
		{6B4F976C-24EE-4CBE-BED5-EE4F51580BAE}.Debug|Any CPU.Build.0 = Debug|Any CPU
		{6B4F976C-24EE-4CBE-BED5-EE4F51580BAE}.Release|Any CPU.ActiveCfg = Release|Any CPU
		{6B4F976C-24EE-4CBE-BED5-EE4F51580BAE}.Release|Any CPU.Build.0 = Release|Any CPU
		{10020053-7724-4764-93D2-A95DF2DB2388}.Debug|Any CPU.ActiveCfg = Debug|Any CPU
		{10020053-7724-4764-93D2-A95DF2DB2388}.Debug|Any CPU.Build.0 = Debug|Any CPU
		{10020053-7724-4764-93D2-A95DF2DB2388}.Release|Any CPU.ActiveCfg = Release|Any CPU
		{10020053-7724-4764-93D2-A95DF2DB2388}.Release|Any CPU.Build.0 = Release|Any CPU
		{D63EC546-8E06-411C-B518-92FC7976A68E}.Debug|Any CPU.ActiveCfg = Debug|Any CPU
		{D63EC546-8E06-411C-B518-92FC7976A68E}.Debug|Any CPU.Build.0 = Debug|Any CPU
		{D63EC546-8E06-411C-B518-92FC7976A68E}.Release|Any CPU.ActiveCfg = Release|Any CPU
		{D63EC546-8E06-411C-B518-92FC7976A68E}.Release|Any CPU.Build.0 = Release|Any CPU
	EndGlobalSection
	GlobalSection(SolutionProperties) = preSolution
		HideSolutionNode = FALSE
	EndGlobalSection
	GlobalSection(ExtensibilityGlobals) = postSolution
		SolutionGuid = {CF4967B0-2CEA-40BA-B1B5-BCF34775BDD4}
	EndGlobalSection
EndGlobal
